
Microsoft Visual Studio Solution File, Format Version 12.00
# Visual Studio Version 17
VisualStudioVersion = 17.3.32901.215
MinimumVisualStudioVersion = 10.0.40219.1
Project("{9A19103F-16F7-4668-BE54-9A1E7A4F7556}") = "NewCalcolator", "NewCalcolator\NewCalcolator.csproj", "{A2AD73AF-D1CE-456E-B208-E88F245DA67F}"
EndProject
Project("{FAE04EC0-301F-11D3-BF4B-00C04F79EFBC}") = "Calculate.Test", "Calculate.Test\Calculate.Test.csproj", "{14CFE1CD-5860-49D1-AF27-9B74757D6A8C}"
EndProject
Global
	GlobalSection(SolutionConfigurationPlatforms) = preSolution
		Debug|Any CPU = Debug|Any CPU
		Release|Any CPU = Release|Any CPU
	EndGlobalSection
	GlobalSection(ProjectConfigurationPlatforms) = postSolution
		{A2AD73AF-D1CE-456E-B208-E88F245DA67F}.Debug|Any CPU.ActiveCfg = Debug|Any CPU
		{A2AD73AF-D1CE-456E-B208-E88F245DA67F}.Debug|Any CPU.Build.0 = Debug|Any CPU
		{A2AD73AF-D1CE-456E-B208-E88F245DA67F}.Release|Any CPU.ActiveCfg = Release|Any CPU
		{A2AD73AF-D1CE-456E-B208-E88F245DA67F}.Release|Any CPU.Build.0 = Release|Any CPU
		{14CFE1CD-5860-49D1-AF27-9B74757D6A8C}.Debug|Any CPU.ActiveCfg = Debug|Any CPU
		{14CFE1CD-5860-49D1-AF27-9B74757D6A8C}.Debug|Any CPU.Build.0 = Debug|Any CPU
		{14CFE1CD-5860-49D1-AF27-9B74757D6A8C}.Release|Any CPU.ActiveCfg = Release|Any CPU
		{14CFE1CD-5860-49D1-AF27-9B74757D6A8C}.Release|Any CPU.Build.0 = Release|Any CPU
	EndGlobalSection
	GlobalSection(SolutionProperties) = preSolution
		HideSolutionNode = FALSE
	EndGlobalSection
	GlobalSection(ExtensibilityGlobals) = postSolution
		SolutionGuid = {D55FEB74-1856-4BFE-B1F5-F68312FEA9E1}
	EndGlobalSection
EndGlobal
